
Microsoft Visual Studio Solution File, Format Version 12.00
# Visual Studio Version 16
VisualStudioVersion = 16.0.29911.98
MinimumVisualStudioVersion = 10.0.40219.1
Project("{FAE04EC0-301F-11D3-BF4B-00C04F79EFBC}") = "LTP GIS MAP", "LTP GIS MAP\LTP GIS MAP.csproj", "{92EEEC49-2CF2-42A2-A709-0D2BE0F73CB9}"
EndProject
Project("{54435603-DBB4-11D2-8724-00A0C9A8B90C}") = "LTP GIS", "LTP GIS\LTP GIS.vdproj", "{1E1C884B-CB50-42E0-8CEB-B92A5160DE60}"
EndProject
Global
	GlobalSection(SolutionConfigurationPlatforms) = preSolution
		Debug|Any CPU = Debug|Any CPU
		Release|Any CPU = Release|Any CPU
	EndGlobalSection
	GlobalSection(ProjectConfigurationPlatforms) = postSolution
		{92EEEC49-2CF2-42A2-A709-0D2BE0F73CB9}.Debug|Any CPU.ActiveCfg = Debug|Any CPU
		{92EEEC49-2CF2-42A2-A709-0D2BE0F73CB9}.Debug|Any CPU.Build.0 = Debug|Any CPU
		{92EEEC49-2CF2-42A2-A709-0D2BE0F73CB9}.Release|Any CPU.ActiveCfg = Release|Any CPU
		{92EEEC49-2CF2-42A2-A709-0D2BE0F73CB9}.Release|Any CPU.Build.0 = Release|Any CPU
		{1E1C884B-CB50-42E0-8CEB-B92A5160DE60}.Debug|Any CPU.ActiveCfg = Debug
		{1E1C884B-CB50-42E0-8CEB-B92A5160DE60}.Release|Any CPU.ActiveCfg = Release
	EndGlobalSection
	GlobalSection(SolutionProperties) = preSolution
		HideSolutionNode = FALSE
	EndGlobalSection
	GlobalSection(ExtensibilityGlobals) = postSolution
		SolutionGuid = {530D8F98-7ABA-4F77-A8DD-BFF046076D11}
	EndGlobalSection
EndGlobal
